
Microsoft Visual Studio Solution File, Format Version 12.00
# Visual Studio Version 16
VisualStudioVersion = 16.0.29806.167
MinimumVisualStudioVersion = 10.0.40219.1
Project("{FAE04EC0-301F-11D3-BF4B-00C04F79EFBC}") = "Interviewer", "Interviewer\Interviewer.csproj", "{1FB25BD1-2D50-4AD4-9556-E63FA787909F}"
EndProject
Project("{FAE04EC0-301F-11D3-BF4B-00C04F79EFBC}") = "Interviewer.Data", "Interviewer.Data\Interviewer.Data.csproj", "{A39342F7-19AB-45A7-ABE8-0E19EFDBF99A}"
EndProject
Global
	GlobalSection(SolutionConfigurationPlatforms) = preSolution
		Debug|Any CPU = Debug|Any CPU
		Release|Any CPU = Release|Any CPU
	EndGlobalSection
	GlobalSection(ProjectConfigurationPlatforms) = postSolution
		{1FB25BD1-2D50-4AD4-9556-E63FA787909F}.Debug|Any CPU.ActiveCfg = Debug|Any CPU
		{1FB25BD1-2D50-4AD4-9556-E63FA787909F}.Debug|Any CPU.Build.0 = Debug|Any CPU
		{1FB25BD1-2D50-4AD4-9556-E63FA787909F}.Release|Any CPU.ActiveCfg = Release|Any CPU
		{1FB25BD1-2D50-4AD4-9556-E63FA787909F}.Release|Any CPU.Build.0 = Release|Any CPU
		{A39342F7-19AB-45A7-ABE8-0E19EFDBF99A}.Debug|Any CPU.ActiveCfg = Debug|Any CPU
		{A39342F7-19AB-45A7-ABE8-0E19EFDBF99A}.Debug|Any CPU.Build.0 = Debug|Any CPU
		{A39342F7-19AB-45A7-ABE8-0E19EFDBF99A}.Release|Any CPU.ActiveCfg = Release|Any CPU
		{A39342F7-19AB-45A7-ABE8-0E19EFDBF99A}.Release|Any CPU.Build.0 = Release|Any CPU
	EndGlobalSection
	GlobalSection(SolutionProperties) = preSolution
		HideSolutionNode = FALSE
	EndGlobalSection
	GlobalSection(ExtensibilityGlobals) = postSolution
		SolutionGuid = {311BB420-4CAE-48B1-B4AB-862201D773D1}
	EndGlobalSection
EndGlobal
